
Microsoft Visual Studio Solution File, Format Version 12.00
# Visual Studio 15
VisualStudioVersion = 15.0.28307.645
MinimumVisualStudioVersion = 10.0.40219.1
Project("{8BC9CEB8-8B4A-11D0-8D11-00A0C91BC942}") = "Thread", "Thread\Thread.vcxproj", "{F7CAEE83-1EDB-4692-9B5E-11A321602ACC}"
EndProject
Project("{8BC9CEB8-8B4A-11D0-8D11-00A0C91BC942}") = "Thread_2", "Thread_2\Thread_2.vcxproj", "{D4F97E0E-A229-42D4-97E4-6626F37D5DE4}"
EndProject
Project("{8BC9CEB8-8B4A-11D0-8D11-00A0C91BC942}") = "Thread_3", "Thread_3\Thread_3.vcxproj", "{509A8D64-EB90-4C71-92F6-06A9DDC84251}"
EndProject
Project("{8BC9CEB8-8B4A-11D0-8D11-00A0C91BC942}") = "Thread_4", "Thread_4\Thread_4.vcxproj", "{B416341D-521B-41C5-B0E7-B494D23976B9}"
EndProject
Project("{8BC9CEB8-8B4A-11D0-8D11-00A0C91BC942}") = "Thread_5", "Thread_5\Thread_5.vcxproj", "{C0045E56-9356-4FD5-9FF1-4E9A2DAFCAF5}"
EndProject
Project("{8BC9CEB8-8B4A-11D0-8D11-00A0C91BC942}") = "Thread_6", "Thread_6\Thread_6.vcxproj", "{B61E6E4F-86DC-487A-9F75-949271B86699}"
EndProject
Project("{8BC9CEB8-8B4A-11D0-8D11-00A0C91BC942}") = "Thread_7", "Thread_7\Thread_7.vcxproj", "{435FD69E-9E5B-44DF-8D67-9C6DFDE65271}"
EndProject
Global
	GlobalSection(SolutionConfigurationPlatforms) = preSolution
		Debug|x64 = Debug|x64
		Debug|x86 = Debug|x86
		Release|x64 = Release|x64
		Release|x86 = Release|x86
	EndGlobalSection
	GlobalSection(ProjectConfigurationPlatforms) = postSolution
		{F7CAEE83-1EDB-4692-9B5E-11A321602ACC}.Debug|x64.ActiveCfg = Debug|x64
		{F7CAEE83-1EDB-4692-9B5E-11A321602ACC}.Debug|x64.Build.0 = Debug|x64
		{F7CAEE83-1EDB-4692-9B5E-11A321602ACC}.Debug|x86.ActiveCfg = Debug|Win32
		{F7CAEE83-1EDB-4692-9B5E-11A321602ACC}.Debug|x86.Build.0 = Debug|Win32
		{F7CAEE83-1EDB-4692-9B5E-11A321602ACC}.Release|x64.ActiveCfg = Release|x64
		{F7CAEE83-1EDB-4692-9B5E-11A321602ACC}.Release|x64.Build.0 = Release|x64
		{F7CAEE83-1EDB-4692-9B5E-11A321602ACC}.Release|x86.ActiveCfg = Release|Win32
		{F7CAEE83-1EDB-4692-9B5E-11A321602ACC}.Release|x86.Build.0 = Release|Win32
		{D4F97E0E-A229-42D4-97E4-6626F37D5DE4}.Debug|x64.ActiveCfg = Debug|x64
		{D4F97E0E-A229-42D4-97E4-6626F37D5DE4}.Debug|x64.Build.0 = Debug|x64
		{D4F97E0E-A229-42D4-97E4-6626F37D5DE4}.Debug|x86.ActiveCfg = Debug|Win32
		{D4F97E0E-A229-42D4-97E4-6626F37D5DE4}.Debug|x86.Build.0 = Debug|Win32
		{D4F97E0E-A229-42D4-97E4-6626F37D5DE4}.Release|x64.ActiveCfg = Release|x64
		{D4F97E0E-A229-42D4-97E4-6626F37D5DE4}.Release|x64.Build.0 = Release|x64
		{D4F97E0E-A229-42D4-97E4-6626F37D5DE4}.Release|x86.ActiveCfg = Release|Win32
		{D4F97E0E-A229-42D4-97E4-6626F37D5DE4}.Release|x86.Build.0 = Release|Win32
		{509A8D64-EB90-4C71-92F6-06A9DDC84251}.Debug|x64.ActiveCfg = Debug|x64
		{509A8D64-EB90-4C71-92F6-06A9DDC84251}.Debug|x64.Build.0 = Debug|x64
		{509A8D64-EB90-4C71-92F6-06A9DDC84251}.Debug|x86.ActiveCfg = Debug|Win32
		{509A8D64-EB90-4C71-92F6-06A9DDC84251}.Debug|x86.Build.0 = Debug|Win32
		{509A8D64-EB90-4C71-92F6-06A9DDC84251}.Release|x64.ActiveCfg = Release|x64
		{509A8D64-EB90-4C71-92F6-06A9DDC84251}.Release|x64.Build.0 = Release|x64
		{509A8D64-EB90-4C71-92F6-06A9DDC84251}.Release|x86.ActiveCfg = Release|Win32
		{509A8D64-EB90-4C71-92F6-06A9DDC84251}.Release|x86.Build.0 = Release|Win32
		{B416341D-521B-41C5-B0E7-B494D23976B9}.Debug|x64.ActiveCfg = Debug|x64
		{B416341D-521B-41C5-B0E7-B494D23976B9}.Debug|x64.Build.0 = Debug|x64
		{B416341D-521B-41C5-B0E7-B494D23976B9}.Debug|x86.ActiveCfg = Debug|Win32
		{B416341D-521B-41C5-B0E7-B494D23976B9}.Debug|x86.Build.0 = Debug|Win32
		{B416341D-521B-41C5-B0E7-B494D23976B9}.Release|x64.ActiveCfg = Release|x64
		{B416341D-521B-41C5-B0E7-B494D23976B9}.Release|x64.Build.0 = Release|x64
		{B416341D-521B-41C5-B0E7-B494D23976B9}.Release|x86.ActiveCfg = Release|Win32
		{B416341D-521B-41C5-B0E7-B494D23976B9}.Release|x86.Build.0 = Release|Win32
		{C0045E56-9356-4FD5-9FF1-4E9A2DAFCAF5}.Debug|x64.ActiveCfg = Debug|x64
		{C0045E56-9356-4FD5-9FF1-4E9A2DAFCAF5}.Debug|x64.Build.0 = Debug|x64
		{C0045E56-9356-4FD5-9FF1-4E9A2DAFCAF5}.Debug|x86.ActiveCfg = Debug|Win32
		{C0045E56-9356-4FD5-9FF1-4E9A2DAFCAF5}.Debug|x86.Build.0 = Debug|Win32
		{C0045E56-9356-4FD5-9FF1-4E9A2DAFCAF5}.Release|x64.ActiveCfg = Release|x64
		{C0045E56-9356-4FD5-9FF1-4E9A2DAFCAF5}.Release|x64.Build.0 = Release|x64
		{C0045E56-9356-4FD5-9FF1-4E9A2DAFCAF5}.Release|x86.ActiveCfg = Release|Win32
		{C0045E56-9356-4FD5-9FF1-4E9A2DAFCAF5}.Release|x86.Build.0 = Release|Win32
		{B61E6E4F-86DC-487A-9F75-949271B86699}.Debug|x64.ActiveCfg = Debug|x64
		{B61E6E4F-86DC-487A-9F75-949271B86699}.Debug|x64.Build.0 = Debug|x64
		{B61E6E4F-86DC-487A-9F75-949271B86699}.Debug|x86.ActiveCfg = Debug|Win32
		{B61E6E4F-86DC-487A-9F75-949271B86699}.Debug|x86.Build.0 = Debug|Win32
		{B61E6E4F-86DC-487A-9F75-949271B86699}.Release|x64.ActiveCfg = Release|x64
		{B61E6E4F-86DC-487A-9F75-949271B86699}.Release|x64.Build.0 = Release|x64
		{B61E6E4F-86DC-487A-9F75-949271B86699}.Release|x86.ActiveCfg = Release|Win32
		{B61E6E4F-86DC-487A-9F75-949271B86699}.Release|x86.Build.0 = Release|Win32
		{435FD69E-9E5B-44DF-8D67-9C6DFDE65271}.Debug|x64.ActiveCfg = Debug|x64
		{435FD69E-9E5B-44DF-8D67-9C6DFDE65271}.Debug|x64.Build.0 = Debug|x64
		{435FD69E-9E5B-44DF-8D67-9C6DFDE65271}.Debug|x86.ActiveCfg = Debug|Win32
		{435FD69E-9E5B-44DF-8D67-9C6DFDE65271}.Debug|x86.Build.0 = Debug|Win32
		{435FD69E-9E5B-44DF-8D67-9C6DFDE65271}.Release|x64.ActiveCfg = Release|x64
		{435FD69E-9E5B-44DF-8D67-9C6DFDE65271}.Release|x64.Build.0 = Release|x64
		{435FD69E-9E5B-44DF-8D67-9C6DFDE65271}.Release|x86.ActiveCfg = Release|Win32
		{435FD69E-9E5B-44DF-8D67-9C6DFDE65271}.Release|x86.Build.0 = Release|Win32
	EndGlobalSection
	GlobalSection(SolutionProperties) = preSolution
		HideSolutionNode = FALSE
	EndGlobalSection
	GlobalSection(ExtensibilityGlobals) = postSolution
		SolutionGuid = {E63C242D-E8F5-487D-9F76-616ECC027198}
	EndGlobalSection
EndGlobal
